
Microsoft Visual Studio Solution File, Format Version 12.00
# Visual Studio Version 17
VisualStudioVersion = 17.7.34202.233
MinimumVisualStudioVersion = 10.0.40219.1
Project("{FAE04EC0-301F-11D3-BF4B-00C04F79EFBC}") = "PileWinformLibrairie", "PileWinformLibrairie\PileWinformLibrairie.csproj", "{DED1D8DF-269E-43FE-84A9-7AA2BAC28479}"
EndProject
Global
	GlobalSection(SolutionConfigurationPlatforms) = preSolution
		Debug|Any CPU = Debug|Any CPU
		Release|Any CPU = Release|Any CPU
	EndGlobalSection
	GlobalSection(ProjectConfigurationPlatforms) = postSolution
		{DED1D8DF-269E-43FE-84A9-7AA2BAC28479}.Debug|Any CPU.ActiveCfg = Debug|Any CPU
		{DED1D8DF-269E-43FE-84A9-7AA2BAC28479}.Debug|Any CPU.Build.0 = Debug|Any CPU
		{DED1D8DF-269E-43FE-84A9-7AA2BAC28479}.Release|Any CPU.ActiveCfg = Release|Any CPU
		{DED1D8DF-269E-43FE-84A9-7AA2BAC28479}.Release|Any CPU.Build.0 = Release|Any CPU
	EndGlobalSection
	GlobalSection(SolutionProperties) = preSolution
		HideSolutionNode = FALSE
	EndGlobalSection
	GlobalSection(ExtensibilityGlobals) = postSolution
		SolutionGuid = {979D9296-6FD5-460C-A11E-FEE31971E7FB}
	EndGlobalSection
EndGlobal
